
Microsoft Visual Studio Solution File, Format Version 12.00
# Visual Studio 15
VisualStudioVersion = 15.0.27428.2011
MinimumVisualStudioVersion = 10.0.40219.1
Project("{FAE04EC0-301F-11D3-BF4B-00C04F79EFBC}") = "Reto Calificaciones", "Reto Calificaciones\Reto Calificaciones.csproj", "{323B92A9-7136-48FF-9304-1CFBE6CB7BB5}"
EndProject
Global
	GlobalSection(SolutionConfigurationPlatforms) = preSolution
		Debug|Any CPU = Debug|Any CPU
		Release|Any CPU = Release|Any CPU
	EndGlobalSection
	GlobalSection(ProjectConfigurationPlatforms) = postSolution
		{323B92A9-7136-48FF-9304-1CFBE6CB7BB5}.Debug|Any CPU.ActiveCfg = Debug|Any CPU
		{323B92A9-7136-48FF-9304-1CFBE6CB7BB5}.Debug|Any CPU.Build.0 = Debug|Any CPU
		{323B92A9-7136-48FF-9304-1CFBE6CB7BB5}.Release|Any CPU.ActiveCfg = Release|Any CPU
		{323B92A9-7136-48FF-9304-1CFBE6CB7BB5}.Release|Any CPU.Build.0 = Release|Any CPU
	EndGlobalSection
	GlobalSection(SolutionProperties) = preSolution
		HideSolutionNode = FALSE
	EndGlobalSection
	GlobalSection(ExtensibilityGlobals) = postSolution
		SolutionGuid = {68FF947A-39CA-4E91-8728-ED9CC9C6A9B2}
	EndGlobalSection
EndGlobal
